
Microsoft Visual Studio Solution File, Format Version 12.00
# Visual Studio Version 16
VisualStudioVersion = 16.0.30011.22
MinimumVisualStudioVersion = 10.0.40219.1
Project("{FAE04EC0-301F-11D3-BF4B-00C04F79EFBC}") = "SIS.Demo", "SIS.Demo\SIS.Demo.csproj", "{72E6B89D-200A-4B35-9030-094417DCDDDD}"
EndProject
Global
	GlobalSection(SolutionConfigurationPlatforms) = preSolution
		Debug|Any CPU = Debug|Any CPU
		Release|Any CPU = Release|Any CPU
	EndGlobalSection
	GlobalSection(ProjectConfigurationPlatforms) = postSolution
		{72E6B89D-200A-4B35-9030-094417DCDDDD}.Debug|Any CPU.ActiveCfg = Debug|Any CPU
		{72E6B89D-200A-4B35-9030-094417DCDDDD}.Debug|Any CPU.Build.0 = Debug|Any CPU
		{72E6B89D-200A-4B35-9030-094417DCDDDD}.Release|Any CPU.ActiveCfg = Release|Any CPU
		{72E6B89D-200A-4B35-9030-094417DCDDDD}.Release|Any CPU.Build.0 = Release|Any CPU
	EndGlobalSection
	GlobalSection(SolutionProperties) = preSolution
		HideSolutionNode = FALSE
	EndGlobalSection
	GlobalSection(ExtensibilityGlobals) = postSolution
		SolutionGuid = {07542D71-A097-441D-8F7F-BAC358125086}
	EndGlobalSection
EndGlobal
